{
  "version": "5",
  "specifiers": {
    "jsr:@hono/hono@^4.7.7": "4.7.7",
    "npm:arktype@^2.1.20": "2.1.20",
    "npm:create-hono@*": "0.18.0"
  },
  "jsr": {
    "@hono/hono@4.7.7": {
      "integrity": "74ea9985cb405fada079a922538f6baa06fa1ee150ce409c5bdae2c89ac05cba"
    }
  },
  "npm": {
    "@ark/schema@0.46.0": {
      "integrity": "sha512-c2UQdKgP2eqqDArfBqQIJppxJHvNNXuQPeuSPlDML4rjw+f1cu0qAlzOG4b8ujgm9ctIDWwhpyw6gjG5ledIVQ==",
      "dependencies": [
        "@ark/util"
      ]
    },
    "@ark/util@0.46.0": {
      "integrity": "sha512-JPy/NGWn/lvf1WmGCPw2VGpBg5utZraE84I7wli18EDF3p3zc/e9WolT35tINeZO3l7C77SjqRJeAUoT0CvMRg=="
    },
    "arktype@2.1.20": {
      "integrity": "sha512-IZCEEXaJ8g+Ijd59WtSYwtjnqXiwM8sWQ5EjGamcto7+HVN9eK0C4p0zDlCuAwWhpqr6fIBkxPuYDl4/Mcj/+Q==",
      "dependencies": [
        "@ark/schema",
        "@ark/util"
      ]
    },
    "create-hono@0.18.0": {
      "integrity": "sha512-2M62iOCUeCmcqTwpYSTNpzOWeaESiUJrf16BXy++iIKVKRCotXnQv6TcS/jntfRqVAd2aKeNhy3x7Iefas4wMA==",
      "hasBin": true
    }
  },
  "workspace": {
    "dependencies": [
      "jsr:@hono/hono@^4.7.7",
      "npm:arktype@^2.1.20"
    ]
  }
}
